
Microsoft Visual Studio Solution File, Format Version 12.00
# Visual Studio 2012
Project("{FAE04EC0-301F-11D3-BF4B-00C04F79EFBC}") = "TrackBarTest", "TrackBarTest\TrackBarTest.csproj", "{48096D72-655D-4ABD-A6CB-33837D21D9BC}"
EndProject
Global
	GlobalSection(SolutionConfigurationPlatforms) = preSolution
		Debug|Any CPU = Debug|Any CPU
		Release|Any CPU = Release|Any CPU
	EndGlobalSection
	GlobalSection(ProjectConfigurationPlatforms) = postSolution
		{48096D72-655D-4ABD-A6CB-33837D21D9BC}.Debug|Any CPU.ActiveCfg = Debug|Any CPU
		{48096D72-655D-4ABD-A6CB-33837D21D9BC}.Debug|Any CPU.Build.0 = Debug|Any CPU
		{48096D72-655D-4ABD-A6CB-33837D21D9BC}.Release|Any CPU.ActiveCfg = Release|Any CPU
		{48096D72-655D-4ABD-A6CB-33837D21D9BC}.Release|Any CPU.Build.0 = Release|Any CPU
	EndGlobalSection
	GlobalSection(SolutionProperties) = preSolution
		HideSolutionNode = FALSE
	EndGlobalSection
EndGlobal
